
Microsoft Visual Studio Solution File, Format Version 12.00
# Visual Studio Version 17
VisualStudioVersion = 17.1.32319.34
MinimumVisualStudioVersion = 10.0.40219.1
Project("{9A19103F-16F7-4668-BE54-9A1E7A4F7556}") = "Spg.TennisBooking.Api", "Spg.TennisBooking.Api\Spg.TennisBooking.Api.csproj", "{DF41D605-18A7-42F4-8DD9-064A70798BCE}"
EndProject
Project("{9A19103F-16F7-4668-BE54-9A1E7A4F7556}") = "Spg.TennisBooking.Infrastructure", "Spg.TennisBooking.Infrastructure\Spg.TennisBooking.Infrastructure.csproj", "{4BC4E51B-89AB-48EA-9E2F-06BBB5EA6349}"
EndProject
Project("{9A19103F-16F7-4668-BE54-9A1E7A4F7556}") = "Spg.TennisBooking.Application", "Spg.TennisBooking.Application\Spg.TennisBooking.Application.csproj", "{C69CE408-AC25-4F08-A45E-362D12361A5B}"
EndProject
Project("{9A19103F-16F7-4668-BE54-9A1E7A4F7556}") = "Spg.TennisBooking.Domain", "Spg.TennisBooking.Domain\Spg.TennisBooking.Domain.csproj", "{C0559238-D6DE-45CF-B4F7-8D293D1BBEB8}"
EndProject
Project("{9A19103F-16F7-4668-BE54-9A1E7A4F7556}") = "Spg.TennisBooking.Repository", "Spg.TennisBooking.Repository\Spg.TennisBooking.Repository.csproj", "{6E4BBEB9-412F-4617-98AD-87093ACC3449}"
EndProject
Project("{FAE04EC0-301F-11D3-BF4B-00C04F79EFBC}") = "Spg.TennisBooking.Domain.Test", "Spg.TennisBooking.Domain.Test\Spg.TennisBooking.Domain.Test.csproj", "{ED325376-FEFE-4683-AD9A-23FD41A2C086}"
EndProject
Global
	GlobalSection(SolutionConfigurationPlatforms) = preSolution
		Debug|Any CPU = Debug|Any CPU
		Release|Any CPU = Release|Any CPU
	EndGlobalSection
	GlobalSection(ProjectConfigurationPlatforms) = postSolution
		{DF41D605-18A7-42F4-8DD9-064A70798BCE}.Debug|Any CPU.ActiveCfg = Debug|Any CPU
		{DF41D605-18A7-42F4-8DD9-064A70798BCE}.Debug|Any CPU.Build.0 = Debug|Any CPU
		{DF41D605-18A7-42F4-8DD9-064A70798BCE}.Release|Any CPU.ActiveCfg = Release|Any CPU
		{DF41D605-18A7-42F4-8DD9-064A70798BCE}.Release|Any CPU.Build.0 = Release|Any CPU
		{4BC4E51B-89AB-48EA-9E2F-06BBB5EA6349}.Debug|Any CPU.ActiveCfg = Debug|Any CPU
		{4BC4E51B-89AB-48EA-9E2F-06BBB5EA6349}.Debug|Any CPU.Build.0 = Debug|Any CPU
		{4BC4E51B-89AB-48EA-9E2F-06BBB5EA6349}.Release|Any CPU.ActiveCfg = Release|Any CPU
		{4BC4E51B-89AB-48EA-9E2F-06BBB5EA6349}.Release|Any CPU.Build.0 = Release|Any CPU
		{C69CE408-AC25-4F08-A45E-362D12361A5B}.Debug|Any CPU.ActiveCfg = Debug|Any CPU
		{C69CE408-AC25-4F08-A45E-362D12361A5B}.Debug|Any CPU.Build.0 = Debug|Any CPU
		{C69CE408-AC25-4F08-A45E-362D12361A5B}.Release|Any CPU.ActiveCfg = Release|Any CPU
		{C69CE408-AC25-4F08-A45E-362D12361A5B}.Release|Any CPU.Build.0 = Release|Any CPU
		{C0559238-D6DE-45CF-B4F7-8D293D1BBEB8}.Debug|Any CPU.ActiveCfg = Debug|Any CPU
		{C0559238-D6DE-45CF-B4F7-8D293D1BBEB8}.Debug|Any CPU.Build.0 = Debug|Any CPU
		{C0559238-D6DE-45CF-B4F7-8D293D1BBEB8}.Release|Any CPU.ActiveCfg = Release|Any CPU
		{C0559238-D6DE-45CF-B4F7-8D293D1BBEB8}.Release|Any CPU.Build.0 = Release|Any CPU
		{6E4BBEB9-412F-4617-98AD-87093ACC3449}.Debug|Any CPU.ActiveCfg = Debug|Any CPU
		{6E4BBEB9-412F-4617-98AD-87093ACC3449}.Debug|Any CPU.Build.0 = Debug|Any CPU
		{6E4BBEB9-412F-4617-98AD-87093ACC3449}.Release|Any CPU.ActiveCfg = Release|Any CPU
		{6E4BBEB9-412F-4617-98AD-87093ACC3449}.Release|Any CPU.Build.0 = Release|Any CPU
		{ED325376-FEFE-4683-AD9A-23FD41A2C086}.Debug|Any CPU.ActiveCfg = Debug|Any CPU
		{ED325376-FEFE-4683-AD9A-23FD41A2C086}.Debug|Any CPU.Build.0 = Debug|Any CPU
		{ED325376-FEFE-4683-AD9A-23FD41A2C086}.Release|Any CPU.ActiveCfg = Release|Any CPU
		{ED325376-FEFE-4683-AD9A-23FD41A2C086}.Release|Any CPU.Build.0 = Release|Any CPU
	EndGlobalSection
	GlobalSection(SolutionProperties) = preSolution
		HideSolutionNode = FALSE
	EndGlobalSection
	GlobalSection(ExtensibilityGlobals) = postSolution
		SolutionGuid = {A6CAD236-F675-454A-8286-6A07903C390C}
	EndGlobalSection
EndGlobal
