
Microsoft Visual Studio Solution File, Format Version 12.00
# Visual Studio Version 17
VisualStudioVersion = 17.1.32319.34
MinimumVisualStudioVersion = 10.0.40219.1
Project("{9A19103F-16F7-4668-BE54-9A1E7A4F7556}") = "Spg.TennisBooking.Api", "src\Spg.TennisBooking.Api\Spg.TennisBooking.Api.csproj", "{3B776257-C63A-436C-9DF9-FF9EB946004F}"
EndProject
Project("{9A19103F-16F7-4668-BE54-9A1E7A4F7556}") = "Spg.TennisBooking.Application", "src\Spg.TennisBooking.Application\Spg.TennisBooking.Application.csproj", "{17E84702-1A00-45EF-B549-5D1D643DF163}"
EndProject
Project("{9A19103F-16F7-4668-BE54-9A1E7A4F7556}") = "Spg.TennisBooking.Extensions", "src\Spg.TennisBooking.DbExtensions\Spg.TennisBooking.Extensions.csproj", "{49632AB8-51AD-4741-9D37-82DDE8CC524F}"
EndProject
Project("{9A19103F-16F7-4668-BE54-9A1E7A4F7556}") = "Spg.TennisBooking.Domain", "src\Spg.TennisBooking.Domain\Spg.TennisBooking.Domain.csproj", "{23F54D72-5ECB-462A-8B9B-F52A0DAA905D}"
EndProject
Project("{9A19103F-16F7-4668-BE54-9A1E7A4F7556}") = "Spg.TennisBooking.Domain.Test", "src\Spg.TennisBooking.Domain.Test\Spg.TennisBooking.Domain.Test.csproj", "{1EA94DE3-D1D4-4B5A-BB44-57FADAC2FE2B}"
EndProject
Project("{9A19103F-16F7-4668-BE54-9A1E7A4F7556}") = "Spg.TennisBooking.Infrastructure", "src\Spg.TennisBooking.Infrastructure\Spg.TennisBooking.Infrastructure.csproj", "{5D9906DB-FAEA-4F91-8F54-055100B9E41B}"
EndProject
Project("{9A19103F-16F7-4668-BE54-9A1E7A4F7556}") = "Spg.TennisBooking.MvcFrontEnd", "src\Spg.TennisBooking.MvcFrontEnd\Spg.TennisBooking.MvcFrontEnd.csproj", "{4C05959C-4A57-4271-BFBF-EF74C82AAF3A}"
EndProject
Project("{9A19103F-16F7-4668-BE54-9A1E7A4F7556}") = "Spg.TennisBooking.Repository", "src\Spg.TennisBooking.Repository\Spg.TennisBooking.Repository.csproj", "{800A27AA-FFAE-4C0A-A585-1F22BEED5681}"
EndProject
Project("{FAE04EC0-301F-11D3-BF4B-00C04F79EFBC}") = "Spg.TennisBooking.Application.Test", "Spg.TennisBooking.Application.Test\Spg.TennisBooking.Application.Test.csproj", "{DAA4CC53-CD01-4748-876A-C9DB57E193F3}"
EndProject
Global
	GlobalSection(SolutionConfigurationPlatforms) = preSolution
		Debug|Any CPU = Debug|Any CPU
		Release|Any CPU = Release|Any CPU
	EndGlobalSection
	GlobalSection(ProjectConfigurationPlatforms) = postSolution
		{3B776257-C63A-436C-9DF9-FF9EB946004F}.Debug|Any CPU.ActiveCfg = Debug|Any CPU
		{3B776257-C63A-436C-9DF9-FF9EB946004F}.Debug|Any CPU.Build.0 = Debug|Any CPU
		{3B776257-C63A-436C-9DF9-FF9EB946004F}.Release|Any CPU.ActiveCfg = Release|Any CPU
		{3B776257-C63A-436C-9DF9-FF9EB946004F}.Release|Any CPU.Build.0 = Release|Any CPU
		{17E84702-1A00-45EF-B549-5D1D643DF163}.Debug|Any CPU.ActiveCfg = Debug|Any CPU
		{17E84702-1A00-45EF-B549-5D1D643DF163}.Debug|Any CPU.Build.0 = Debug|Any CPU
		{17E84702-1A00-45EF-B549-5D1D643DF163}.Release|Any CPU.ActiveCfg = Release|Any CPU
		{17E84702-1A00-45EF-B549-5D1D643DF163}.Release|Any CPU.Build.0 = Release|Any CPU
		{49632AB8-51AD-4741-9D37-82DDE8CC524F}.Debug|Any CPU.ActiveCfg = Debug|Any CPU
		{49632AB8-51AD-4741-9D37-82DDE8CC524F}.Debug|Any CPU.Build.0 = Debug|Any CPU
		{49632AB8-51AD-4741-9D37-82DDE8CC524F}.Release|Any CPU.ActiveCfg = Release|Any CPU
		{49632AB8-51AD-4741-9D37-82DDE8CC524F}.Release|Any CPU.Build.0 = Release|Any CPU
		{23F54D72-5ECB-462A-8B9B-F52A0DAA905D}.Debug|Any CPU.ActiveCfg = Debug|Any CPU
		{23F54D72-5ECB-462A-8B9B-F52A0DAA905D}.Debug|Any CPU.Build.0 = Debug|Any CPU
		{23F54D72-5ECB-462A-8B9B-F52A0DAA905D}.Release|Any CPU.ActiveCfg = Release|Any CPU
		{23F54D72-5ECB-462A-8B9B-F52A0DAA905D}.Release|Any CPU.Build.0 = Release|Any CPU
		{1EA94DE3-D1D4-4B5A-BB44-57FADAC2FE2B}.Debug|Any CPU.ActiveCfg = Debug|Any CPU
		{1EA94DE3-D1D4-4B5A-BB44-57FADAC2FE2B}.Debug|Any CPU.Build.0 = Debug|Any CPU
		{1EA94DE3-D1D4-4B5A-BB44-57FADAC2FE2B}.Release|Any CPU.ActiveCfg = Release|Any CPU
		{1EA94DE3-D1D4-4B5A-BB44-57FADAC2FE2B}.Release|Any CPU.Build.0 = Release|Any CPU
		{5D9906DB-FAEA-4F91-8F54-055100B9E41B}.Debug|Any CPU.ActiveCfg = Debug|Any CPU
		{5D9906DB-FAEA-4F91-8F54-055100B9E41B}.Debug|Any CPU.Build.0 = Debug|Any CPU
		{5D9906DB-FAEA-4F91-8F54-055100B9E41B}.Release|Any CPU.ActiveCfg = Release|Any CPU
		{5D9906DB-FAEA-4F91-8F54-055100B9E41B}.Release|Any CPU.Build.0 = Release|Any CPU
		{4C05959C-4A57-4271-BFBF-EF74C82AAF3A}.Debug|Any CPU.ActiveCfg = Debug|Any CPU
		{4C05959C-4A57-4271-BFBF-EF74C82AAF3A}.Debug|Any CPU.Build.0 = Debug|Any CPU
		{4C05959C-4A57-4271-BFBF-EF74C82AAF3A}.Release|Any CPU.ActiveCfg = Release|Any CPU
		{4C05959C-4A57-4271-BFBF-EF74C82AAF3A}.Release|Any CPU.Build.0 = Release|Any CPU
		{800A27AA-FFAE-4C0A-A585-1F22BEED5681}.Debug|Any CPU.ActiveCfg = Debug|Any CPU
		{800A27AA-FFAE-4C0A-A585-1F22BEED5681}.Debug|Any CPU.Build.0 = Debug|Any CPU
		{800A27AA-FFAE-4C0A-A585-1F22BEED5681}.Release|Any CPU.ActiveCfg = Release|Any CPU
		{800A27AA-FFAE-4C0A-A585-1F22BEED5681}.Release|Any CPU.Build.0 = Release|Any CPU
		{DAA4CC53-CD01-4748-876A-C9DB57E193F3}.Debug|Any CPU.ActiveCfg = Debug|Any CPU
		{DAA4CC53-CD01-4748-876A-C9DB57E193F3}.Debug|Any CPU.Build.0 = Debug|Any CPU
		{DAA4CC53-CD01-4748-876A-C9DB57E193F3}.Release|Any CPU.ActiveCfg = Release|Any CPU
		{DAA4CC53-CD01-4748-876A-C9DB57E193F3}.Release|Any CPU.Build.0 = Release|Any CPU
	EndGlobalSection
	GlobalSection(SolutionProperties) = preSolution
		HideSolutionNode = FALSE
	EndGlobalSection
	GlobalSection(ExtensibilityGlobals) = postSolution
		SolutionGuid = {A6CAD236-F675-454A-8286-6A07903C390C}
	EndGlobalSection
EndGlobal
